
Microsoft Visual Studio Solution File, Format Version 12.00
# Visual Studio Express 2012 for Windows Desktop
Project("{FAE04EC0-301F-11D3-BF4B-00C04F79EFBC}") = "VoiceCommander", "VoiceCommander\VoiceCommander.csproj", "{25E3E3ED-9FF6-480B-B18A-6DCA118B675F}"
EndProject
Project("{FAE04EC0-301F-11D3-BF4B-00C04F79EFBC}") = "VoiceServer", "VoiceServer\VoiceServer.csproj", "{B3070963-1B3C-4E1C-B371-53E0BD30076B}"
EndProject
Project("{FAE04EC0-301F-11D3-BF4B-00C04F79EFBC}") = "VoiceCommanderMechJeb", "VoiceCommanderMechJeb\VoiceCommanderMechJeb.csproj", "{13992037-88B5-4C8F-82E0-C91EDFDD831F}"
EndProject
Global
	GlobalSection(SolutionConfigurationPlatforms) = preSolution
		Debug|Any CPU = Debug|Any CPU
		Release|Any CPU = Release|Any CPU
	EndGlobalSection
	GlobalSection(ProjectConfigurationPlatforms) = postSolution
		{25E3E3ED-9FF6-480B-B18A-6DCA118B675F}.Debug|Any CPU.ActiveCfg = Debug|Any CPU
		{25E3E3ED-9FF6-480B-B18A-6DCA118B675F}.Debug|Any CPU.Build.0 = Debug|Any CPU
		{25E3E3ED-9FF6-480B-B18A-6DCA118B675F}.Release|Any CPU.ActiveCfg = Release|Any CPU
		{25E3E3ED-9FF6-480B-B18A-6DCA118B675F}.Release|Any CPU.Build.0 = Release|Any CPU
		{B3070963-1B3C-4E1C-B371-53E0BD30076B}.Debug|Any CPU.ActiveCfg = Debug|Any CPU
		{B3070963-1B3C-4E1C-B371-53E0BD30076B}.Debug|Any CPU.Build.0 = Debug|Any CPU
		{B3070963-1B3C-4E1C-B371-53E0BD30076B}.Release|Any CPU.ActiveCfg = Release|Any CPU
		{B3070963-1B3C-4E1C-B371-53E0BD30076B}.Release|Any CPU.Build.0 = Release|Any CPU
		{13992037-88B5-4C8F-82E0-C91EDFDD831F}.Debug|Any CPU.ActiveCfg = Debug|Any CPU
		{13992037-88B5-4C8F-82E0-C91EDFDD831F}.Debug|Any CPU.Build.0 = Debug|Any CPU
		{13992037-88B5-4C8F-82E0-C91EDFDD831F}.Release|Any CPU.ActiveCfg = Release|Any CPU
		{13992037-88B5-4C8F-82E0-C91EDFDD831F}.Release|Any CPU.Build.0 = Release|Any CPU
	EndGlobalSection
	GlobalSection(SolutionProperties) = preSolution
		HideSolutionNode = FALSE
	EndGlobalSection
EndGlobal
